<?xml version="1.0" encoding="utf-8"?>
<Project ToolsVersion="4.0" xmlns="http://schemas.microsoft.com/developer/msbuild/2003">
  <ItemGroup>
    <ClCompile Include="..\SDL2\src\main\android\SDL_android_main.c" />
    <ClCompile Include="main.cpp" />
    <ClCompile Include="..\..\talis-darks\src\font.c" />
    <ClCompile Include="..\..\talis-darks\src\game.c" />
    <ClCompile Include="..\..\talis-darks\src\gfx.c" />
    <ClCompile Include="..\..\talis-darks\src\player.c" />
    <ClCompile Include="..\..\talis-darks\src\sprite.c" />
    <ClCompile Include="..\..\talis-darks\src\ui.c" />
  </ItemGroup>
</Project>